
Microsoft Visual Studio Solution File, Format Version 12.00
# Visual Studio Version 17
VisualStudioVersion = 17.9.34714.143
MinimumVisualStudioVersion = 10.0.40219.1
Project("{FAE04EC0-301F-11D3-BF4B-00C04F79EFBC}") = "ЗавданняXML3", "ЗавданняXML3\ЗавданняXML3.csproj", "{0214A816-2FAD-43DF-9E6E-7DD9D24BFBA3}"
EndProject
Global
	GlobalSection(SolutionConfigurationPlatforms) = preSolution
		Debug|Any CPU = Debug|Any CPU
		Release|Any CPU = Release|Any CPU
	EndGlobalSection
	GlobalSection(ProjectConfigurationPlatforms) = postSolution
		{0214A816-2FAD-43DF-9E6E-7DD9D24BFBA3}.Debug|Any CPU.ActiveCfg = Debug|Any CPU
		{0214A816-2FAD-43DF-9E6E-7DD9D24BFBA3}.Debug|Any CPU.Build.0 = Debug|Any CPU
		{0214A816-2FAD-43DF-9E6E-7DD9D24BFBA3}.Release|Any CPU.ActiveCfg = Release|Any CPU
		{0214A816-2FAD-43DF-9E6E-7DD9D24BFBA3}.Release|Any CPU.Build.0 = Release|Any CPU
	EndGlobalSection
	GlobalSection(SolutionProperties) = preSolution
		HideSolutionNode = FALSE
	EndGlobalSection
	GlobalSection(ExtensibilityGlobals) = postSolution
		SolutionGuid = {85BC1BDA-200A-420B-8931-54827E893B9B}
	EndGlobalSection
EndGlobal
